// !$*UTF8*$!
{
	archiveVersion = 1;
	classes = {
	};
	objectVersion = 46;
	objects = {

/* Begin PBXBuildFile section */
		8F8CC4271EAF917F0046FFC8 /* CSSystemSoundPlayer.framework in Frameworks */ = {isa = PBXBuildFile; fileRef = 8FC25FB61E0D1686006670D0 /* CSSystemSoundPlayer.framework */; };
		8F8CC4281EAF917F0046FFC8 /* CSSystemSoundPlayer.framework in Embed Frameworks */ = {isa = PBXBuildFile; fileRef = 8FC25FB61E0D1686006670D0 /* CSSystemSoundPlayer.framework */; settings = {ATTRIBUTES = (CodeSignOnCopy, RemoveHeadersOnCopy, ); }; };
		8F91070B1D910DC900BBB4E7 /* AppDelegate.swift in Sources */ = {isa = PBXBuildFile; fileRef = 8F91070A1D910DC900BBB4E7 /* AppDelegate.swift */; };
		8F91070D1D910DC900BBB4E7 /* ViewController.swift in Sources */ = {isa = PBXBuildFile; fileRef = 8F91070C1D910DC900BBB4E7 /* ViewController.swift */; };
		8F9107101D910DC900BBB4E7 /* Main.storyboard in Resources */ = {isa = PBXBuildFile; fileRef = 8F91070E1D910DC900BBB4E7 /* Main.storyboard */; };
		8F9107121D910DC900BBB4E7 /* Assets.xcassets in Resources */ = {isa = PBXBuildFile; fileRef = 8F9107111D910DC900BBB4E7 /* Assets.xcassets */; };
		8F9107151D910DC900BBB4E7 /* LaunchScreen.storyboard in Resources */ = {isa = PBXBuildFile; fileRef = 8F9107131D910DC900BBB4E7 /* LaunchScreen.storyboard */; };
		8FEE86971D91119C0099B344 /* BalladPiano.caf in Resources */ = {isa = PBXBuildFile; fileRef = 8FEE86941D91119C0099B344 /* BalladPiano.caf */; };
		8FEE86981D91119C0099B344 /* Basso.aif in Resources */ = {isa = PBXBuildFile; fileRef = 8FEE86951D91119C0099B344 /* Basso.aif */; };
		8FEE86991D91119C0099B344 /* Funk.aiff in Resources */ = {isa = PBXBuildFile; fileRef = 8FEE86961D91119C0099B344 /* Funk.aiff */; };
/* End PBXBuildFile section */

/* Begin PBXContainerItemProxy section */
		8F8CC4291EAF917F0046FFC8 /* PBXContainerItemProxy */ = {
			isa = PBXContainerItemProxy;
			containerPortal = 8FC25FB01E0D1685006670D0 /* CSSystemSoundPlayer.xcodeproj */;
			proxyType = 1;
			remoteGlobalIDString = 8FAC35E51EB0720400F648DF;
			remoteInfo = CSSystemSoundPlayer;
		};
		8FC25FB51E0D1686006670D0 /* PBXContainerItemProxy */ = {
			isa = PBXContainerItemProxy;
			containerPortal = 8FC25FB01E0D1685006670D0 /* CSSystemSoundPlayer.xcodeproj */;
			proxyType = 2;
			remoteGlobalIDString = 8F8B3BEE1D8AE835005D86FC;
			remoteInfo = CSSystemSoundPlayer;
		};
/* End PBXContainerItemProxy section */

/* Begin PBXCopyFilesBuildPhase section */
		8F8CC42B1EAF917F0046FFC8 /* Embed Frameworks */ = {
			isa = PBXCopyFilesBuildPhase;
			buildActionMask = 2147483647;
			dstPath = "";
			dstSubfolderSpec = 10;
			files = (
				8F8CC4281EAF917F0046FFC8 /* CSSystemSoundPlayer.framework in Embed Frameworks */,
			);
			name = "Embed Frameworks";
			runOnlyForDeploymentPostprocessing = 0;
		};
/* End PBXCopyFilesBuildPhase section */

/* Begin PBXFileReference section */
		8F9107071D910DC900BBB4E7 /* SoundPlayerDemo.app */ = {isa = PBXFileReference; explicitFileType = wrapper.application; includeInIndex = 0; path = SoundPlayerDemo.app; sourceTree = BUILT_PRODUCTS_DIR; };
		8F91070A1D910DC900BBB4E7 /* AppDelegate.swift */ = {isa = PBXFileReference; lastKnownFileType = sourcecode.swift; path = AppDelegate.swift; sourceTree = "<group>"; };
		8F91070C1D910DC900BBB4E7 /* ViewController.swift */ = {isa = PBXFileReference; lastKnownFileType = sourcecode.swift; path = ViewController.swift; sourceTree = "<group>"; };
		8F91070F1D910DC900BBB4E7 /* Base */ = {isa = PBXFileReference; lastKnownFileType = file.storyboard; name = Base; path = Base.lproj/Main.storyboard; sourceTree = "<group>"; };
		8F9107111D910DC900BBB4E7 /* Assets.xcassets */ = {isa = PBXFileReference; lastKnownFileType = folder.assetcatalog; path = Assets.xcassets; sourceTree = "<group>"; };
		8F9107141D910DC900BBB4E7 /* Base */ = {isa = PBXFileReference; lastKnownFileType = file.storyboard; name = Base; path = Base.lproj/LaunchScreen.storyboard; sourceTree = "<group>"; };
		8F9107161D910DC900BBB4E7 /* Info.plist */ = {isa = PBXFileReference; lastKnownFileType = text.plist.xml; path = Info.plist; sourceTree = "<group>"; };
		8FC25FB01E0D1685006670D0 /* CSSystemSoundPlayer.xcodeproj */ = {isa = PBXFileReference; lastKnownFileType = "wrapper.pb-project"; name = CSSystemSoundPlayer.xcodeproj; path = ../CSSystemSoundPlayer.xcodeproj; sourceTree = "<group>"; };
		8FEE86941D91119C0099B344 /* BalladPiano.caf */ = {isa = PBXFileReference; lastKnownFileType = file; path = BalladPiano.caf; sourceTree = "<group>"; };
		8FEE86951D91119C0099B344 /* Basso.aif */ = {isa = PBXFileReference; lastKnownFileType = file; path = Basso.aif; sourceTree = "<group>"; };
		8FEE86961D91119C0099B344 /* Funk.aiff */ = {isa = PBXFileReference; lastKnownFileType = audio.aiff; path = Funk.aiff; sourceTree = "<group>"; };
/* End PBXFileReference section */

/* Begin PBXFrameworksBuildPhase section */
		8F9107041D910DC900BBB4E7 /* Frameworks */ = {
			isa = PBXFrameworksBuildPhase;
			buildActionMask = 2147483647;
			files = (
				8F8CC4271EAF917F0046FFC8 /* CSSystemSoundPlayer.framework in Frameworks */,
			);
			runOnlyForDeploymentPostprocessing = 0;
		};
/* End PBXFrameworksBuildPhase section */

/* Begin PBXGroup section */
		8F9106FE1D910DC800BBB4E7 = {
			isa = PBXGroup;
			children = (
				8F9107091D910DC900BBB4E7 /* SoundPlayerDemo */,
				8F9107081D910DC900BBB4E7 /* Products */,
				8FC25FAF1E0D1685006670D0 /* Frameworks */,
			);
			sourceTree = "<group>";
		};
		8F9107081D910DC900BBB4E7 /* Products */ = {
			isa = PBXGroup;
			children = (
				8F9107071D910DC900BBB4E7 /* SoundPlayerDemo.app */,
			);
			name = Products;
			sourceTree = "<group>";
		};
		8F9107091D910DC900BBB4E7 /* SoundPlayerDemo */ = {
			isa = PBXGroup;
			children = (
				8FEE869B1D9111B60099B344 /* Sample Sounds */,
				8F91070A1D910DC900BBB4E7 /* AppDelegate.swift */,
				8F91070C1D910DC900BBB4E7 /* ViewController.swift */,
				8F91070E1D910DC900BBB4E7 /* Main.storyboard */,
				8F9107111D910DC900BBB4E7 /* Assets.xcassets */,
				8F9107131D910DC900BBB4E7 /* LaunchScreen.storyboard */,
				8F9107161D910DC900BBB4E7 /* Info.plist */,
			);
			path = SoundPlayerDemo;
			sourceTree = "<group>";
		};
		8FC25FAF1E0D1685006670D0 /* Frameworks */ = {
			isa = PBXGroup;
			children = (
				8FC25FB01E0D1685006670D0 /* CSSystemSoundPlayer.xcodeproj */,
			);
			name = Frameworks;
			sourceTree = "<group>";
		};
		8FC25FB11E0D1685006670D0 /* Products */ = {
			isa = PBXGroup;
			children = (
				8FC25FB61E0D1686006670D0 /* CSSystemSoundPlayer.framework */,
			);
			name = Products;
			sourceTree = "<group>";
		};
		8FEE869B1D9111B60099B344 /* Sample Sounds */ = {
			isa = PBXGroup;
			children = (
				8FEE86941D91119C0099B344 /* BalladPiano.caf */,
				8FEE86951D91119C0099B344 /* Basso.aif */,
				8FEE86961D91119C0099B344 /* Funk.aiff */,
			);
			name = "Sample Sounds";
			sourceTree = "<group>";
		};
/* End PBXGroup section */

/* Begin PBXNativeTarget section */
		8F9107061D910DC900BBB4E7 /* SoundPlayerDemo */ = {
			isa = PBXNativeTarget;
			buildConfigurationList = 8F9107191D910DC900BBB4E7 /* Build configuration list for PBXNativeTarget "SoundPlayerDemo" */;
			buildPhases = (
				8F9107031D910DC900BBB4E7 /* Sources */,
				8F9107041D910DC900BBB4E7 /* Frameworks */,
				8F9107051D910DC900BBB4E7 /* Resources */,
				8F8CC42B1EAF917F0046FFC8 /* Embed Frameworks */,
			);
			buildRules = (
			);
			dependencies = (
				8F8CC42A1EAF917F0046FFC8 /* PBXTargetDependency */,
			);
			name = SoundPlayerDemo;
			productName = SoundPlayerDemo;
			productReference = 8F9107071D910DC900BBB4E7 /* SoundPlayerDemo.app */;
			productType = "com.apple.product-type.application";
		};
/* End PBXNativeTarget section */

/* Begin PBXProject section */
		8F9106FF1D910DC800BBB4E7 /* Project object */ = {
			isa = PBXProject;
			attributes = {
				LastSwiftUpdateCheck = 0800;
				LastUpgradeCheck = 0830;
				ORGANIZATIONNAME = "Tung Thanh Nguyen";
				TargetAttributes = {
					8F9107061D910DC900BBB4E7 = {
						CreatedOnToolsVersion = 8.0;
						DevelopmentTeam = VP7JWS9W9X;
						ProvisioningStyle = Automatic;
					};
				};
			};
			buildConfigurationList = 8F9107021D910DC800BBB4E7 /* Build configuration list for PBXProject "SoundPlayerDemo" */;
			compatibilityVersion = "Xcode 3.2";
			developmentRegion = English;
			hasScannedForEncodings = 0;
			knownRegions = (
				en,
				Base,
			);
			mainGroup = 8F9106FE1D910DC800BBB4E7;
			productRefGroup = 8F9107081D910DC900BBB4E7 /* Products */;
			projectDirPath = "";
			projectReferences = (
				{
					ProductGroup = 8FC25FB11E0D1685006670D0 /* Products */;
					ProjectRef = 8FC25FB01E0D1685006670D0 /* CSSystemSoundPlayer.xcodeproj */;
				},
			);
			projectRoot = "";
			targets = (
				8F9107061D910DC900BBB4E7 /* SoundPlayerDemo */,
			);
		};
/* End PBXProject section */

/* Begin PBXReferenceProxy section */
		8FC25FB61E0D1686006670D0 /* CSSystemSoundPlayer.framework */ = {
			isa = PBXReferenceProxy;
			fileType = wrapper.framework;
			path = CSSystemSoundPlayer.framework;
			remoteRef = 8FC25FB51E0D1686006670D0 /* PBXContainerItemProxy */;
			sourceTree = BUILT_PRODUCTS_DIR;
		};
/* End PBXReferenceProxy section */

/* Begin PBXResourcesBuildPhase section */
		8F9107051D910DC900BBB4E7 /* Resources */ = {
			isa = PBXResourcesBuildPhase;
			buildActionMask = 2147483647;
			files = (
				8F9107151D910DC900BBB4E7 /* LaunchScreen.storyboard in Resources */,
				8FEE86981D91119C0099B344 /* Basso.aif in Resources */,
				8F9107121D910DC900BBB4E7 /* Assets.xcassets in Resources */,
				8FEE86991D91119C0099B344 /* Funk.aiff in Resources */,
				8FEE86971D91119C0099B344 /* BalladPiano.caf in Resources */,
				8F9107101D910DC900BBB4E7 /* Main.storyboard in Resources */,
			);
			runOnlyForDeploymentPostprocessing = 0;
		};
/* End PBXResourcesBuildPhase section */

/* Begin PBXSourcesBuildPhase section */
		8F9107031D910DC900BBB4E7 /* Sources */ = {
			isa = PBXSourcesBuildPhase;
			buildActionMask = 2147483647;
			files = (
				8F91070D1D910DC900BBB4E7 /* ViewController.swift in Sources */,
				8F91070B1D910DC900BBB4E7 /* AppDelegate.swift in Sources */,
			);
			runOnlyForDeploymentPostprocessing = 0;
		};
/* End PBXSourcesBuildPhase section */

/* Begin PBXTargetDependency section */
		8F8CC42A1EAF917F0046FFC8 /* PBXTargetDependency */ = {
			isa = PBXTargetDependency;
			name = CSSystemSoundPlayer;
			targetProxy = 8F8CC4291EAF917F0046FFC8 /* PBXContainerItemProxy */;
		};
/* End PBXTargetDependency section */

/* Begin PBXVariantGroup section */
		8F91070E1D910DC900BBB4E7 /* Main.storyboard */ = {
			isa = PBXVariantGroup;
			children = (
				8F91070F1D910DC900BBB4E7 /* Base */,
			);
			name = Main.storyboard;
			sourceTree = "<group>";
		};
		8F9107131D910DC900BBB4E7 /* LaunchScreen.storyboard */ = {
			isa = PBXVariantGroup;
			children = (
				8F9107141D910DC900BBB4E7 /* Base */,
			);
			name = LaunchScreen.storyboard;
			sourceTree = "<group>";
		};
/* End PBXVariantGroup section */

/* Begin XCBuildConfiguration section */
		8F9107171D910DC900BBB4E7 /* Debug */ = {
			isa = XCBuildConfiguration;
			buildSettings = {
				ALWAYS_SEARCH_USER_PATHS = NO;
				CLANG_ANALYZER_NONNULL = YES;
				CLANG_CXX_LANGUAGE_STANDARD = "gnu++0x";
				CLANG_CXX_LIBRARY = "libc++";
				CLANG_ENABLE_MODULES = YES;
				CLANG_ENABLE_OBJC_ARC = YES;
				CLANG_WARN_BOOL_CONVERSION = YES;
				CLANG_WARN_CONSTANT_CONVERSION = YES;
				CLANG_WARN_DIRECT_OBJC_ISA_USAGE = YES_ERROR;
				CLANG_WARN_DOCUMENTATION_COMMENTS = YES;
				CLANG_WARN_EMPTY_BODY = YES;
				CLANG_WARN_ENUM_CONVERSION = YES;
				CLANG_WARN_INFINITE_RECURSION = YES;
				CLANG_WARN_INT_CONVERSION = YES;
				CLANG_WARN_OBJC_ROOT_CLASS = YES_ERROR;
				CLANG_WARN_SUSPICIOUS_MOVE = YES;
				CLANG_WARN_SUSPICIOUS_MOVES = YES;
				CLANG_WARN_UNREACHABLE_CODE = YES;
				CLANG_WARN__DUPLICATE_METHOD_MATCH = YES;
				"CODE_SIGN_IDENTITY[sdk=iphoneos*]" = "iPhone Developer";
				COPY_PHASE_STRIP = NO;
				DEBUG_INFORMATION_FORMAT = dwarf;
				ENABLE_STRICT_OBJC_MSGSEND = YES;
				ENABLE_TESTABILITY = YES;
				GCC_C_LANGUAGE_STANDARD = gnu99;
				GCC_DYNAMIC_NO_PIC = NO;
				GCC_NO_COMMON_BLOCKS = YES;
				GCC_OPTIMIZATION_LEVEL = 0;
				GCC_PREPROCESSOR_DEFINITIONS = (
					"DEBUG=1",
					"$(inherited)",
				);
				GCC_WARN_64_TO_32_BIT_CONVERSION = YES;
				GCC_WARN_ABOUT_RETURN_TYPE = YES_ERROR;
				GCC_WARN_UNDECLARED_SELECTOR = YES;
				GCC_WARN_UNINITIALIZED_AUTOS = YES_AGGRESSIVE;
				GCC_WARN_UNUSED_FUNCTION = YES;
				GCC_WARN_UNUSED_VARIABLE = YES;
				IPHONEOS_DEPLOYMENT_TARGET = 9.0;
				MTL_ENABLE_DEBUG_INFO = YES;
				ONLY_ACTIVE_ARCH = YES;
				SDKROOT = iphoneos;
				SWIFT_ACTIVE_COMPILATION_CONDITIONS = DEBUG;
				SWIFT_OPTIMIZATION_LEVEL = "-Onone";
			};
			name = Debug;
		};
		8F9107181D910DC900BBB4E7 /* Release */ = {
			isa = XCBuildConfiguration;
			buildSettings = {
				ALWAYS_SEARCH_USER_PATHS = NO;
				CLANG_ANALYZER_NONNULL = YES;
				CLANG_CXX_LANGUAGE_STANDARD = "gnu++0x";
				CLANG_CXX_LIBRARY = "libc++";
				CLANG_ENABLE_MODULES = YES;
				CLANG_ENABLE_OBJC_ARC = YES;
				CLANG_WARN_BOOL_CONVERSION = YES;
				CLANG_WARN_CONSTANT_CONVERSION = YES;
				CLANG_WARN_DIRECT_OBJC_ISA_USAGE = YES_ERROR;
				CLANG_WARN_DOCUMENTATION_COMMENTS = YES;
				CLANG_WARN_EMPTY_BODY = YES;
				CLANG_WARN_ENUM_CONVERSION = YES;
				CLANG_WARN_INFINITE_RECURSION = YES;
				CLANG_WARN_INT_CONVERSION = YES;
				CLANG_WARN_OBJC_ROOT_CLASS = YES_ERROR;
				CLANG_WARN_SUSPICIOUS_MOVE = YES;
				CLANG_WARN_SUSPICIOUS_MOVES = YES;
				CLANG_WARN_UNREACHABLE_CODE = YES;
				CLANG_WARN__DUPLICATE_METHOD_MATCH = YES;
				"CODE_SIGN_IDENTITY[sdk=iphoneos*]" = "iPhone Developer";
				COPY_PHASE_STRIP = NO;
				DEBUG_INFORMATION_FORMAT = "dwarf-with-dsym";
				ENABLE_NS_ASSERTIONS = NO;
				ENABLE_STRICT_OBJC_MSGSEND = YES;
				GCC_C_LANGUAGE_STANDARD = gnu99;
				GCC_NO_COMMON_BLOCKS = YES;
				GCC_WARN_64_TO_32_BIT_CONVERSION = YES;
				GCC_WARN_ABOUT_RETURN_TYPE = YES_ERROR;
				GCC_WARN_UNDECLARED_SELECTOR = YES;
				GCC_WARN_UNINITIALIZED_AUTOS = YES_AGGRESSIVE;
				GCC_WARN_UNUSED_FUNCTION = YES;
				GCC_WARN_UNUSED_VARIABLE = YES;
				IPHONEOS_DEPLOYMENT_TARGET = 9.0;
				MTL_ENABLE_DEBUG_INFO = NO;
				SDKROOT = iphoneos;
				SWIFT_OPTIMIZATION_LEVEL = "-Owholemodule";
				VALIDATE_PRODUCT = YES;
			};
			name = Release;
		};
		8F91071A1D910DC900BBB4E7 /* Debug */ = {
			isa = XCBuildConfiguration;
			buildSettings = {
				ALWAYS_EMBED_SWIFT_STANDARD_LIBRARIES = YES;
				ASSETCATALOG_COMPILER_APPICON_NAME = AppIcon;
				DEVELOPMENT_TEAM = VP7JWS9W9X;
				INFOPLIST_FILE = SoundPlayerDemo/Info.plist;
				IPHONEOS_DEPLOYMENT_TARGET = 9.0;
				LD_RUNPATH_SEARCH_PATHS = "$(inherited) @executable_path/Frameworks";
				PRODUCT_BUNDLE_IDENTIFIER = com.comtasoft.SoundPlayerDemo;
				PRODUCT_NAME = "$(TARGET_NAME)";
				SWIFT_OBJC_INTERFACE_HEADER_NAME = "";
				SWIFT_VERSION = 3.0;
				TARGETED_DEVICE_FAMILY = "1,2";
			};
			name = Debug;
		};
		8F91071B1D910DC900BBB4E7 /* Release */ = {
			isa = XCBuildConfiguration;
			buildSettings = {
				ALWAYS_EMBED_SWIFT_STANDARD_LIBRARIES = YES;
				ASSETCATALOG_COMPILER_APPICON_NAME = AppIcon;
				DEVELOPMENT_TEAM = VP7JWS9W9X;
				INFOPLIST_FILE = SoundPlayerDemo/Info.plist;
				IPHONEOS_DEPLOYMENT_TARGET = 9.0;
				LD_RUNPATH_SEARCH_PATHS = "$(inherited) @executable_path/Frameworks";
				PRODUCT_BUNDLE_IDENTIFIER = com.comtasoft.SoundPlayerDemo;
				PRODUCT_NAME = "$(TARGET_NAME)";
				SWIFT_OBJC_INTERFACE_HEADER_NAME = "";
				SWIFT_VERSION = 3.0;
				TARGETED_DEVICE_FAMILY = "1,2";
			};
			name = Release;
		};
/* End XCBuildConfiguration section */

/* Begin XCConfigurationList section */
		8F9107021D910DC800BBB4E7 /* Build configuration list for PBXProject "SoundPlayerDemo" */ = {
			isa = XCConfigurationList;
			buildConfigurations = (
				8F9107171D910DC900BBB4E7 /* Debug */,
				8F9107181D910DC900BBB4E7 /* Release */,
			);
			defaultConfigurationIsVisible = 0;
			defaultConfigurationName = Release;
		};
		8F9107191D910DC900BBB4E7 /* Build configuration list for PBXNativeTarget "SoundPlayerDemo" */ = {
			isa = XCConfigurationList;
			buildConfigurations = (
				8F91071A1D910DC900BBB4E7 /* Debug */,
				8F91071B1D910DC900BBB4E7 /* Release */,
			);
			defaultConfigurationIsVisible = 0;
			defaultConfigurationName = Release;
		};
/* End XCConfigurationList section */
	};
	rootObject = 8F9106FF1D910DC800BBB4E7 /* Project object */;
}
